PODS:
  - Alamofire (4.8.2)
  - AlamofireImage (3.5.2):
    - Alamofire (~> 4.8)
  - CarbonKit (2.3.0)
  - Firebase/Core (6.3.0):
    - Firebase/CoreOnly
    - FirebaseAnalytics (= 6.0.2)
  - Firebase/CoreOnly (6.3.0):
    - FirebaseCore (= 6.0.3)
  - Firebase/DynamicLinks (6.3.0):
    - Firebase/CoreOnly
    - FirebaseDynamicLinks (~> 4.0.0)
  - Firebase/Messaging (6.3.0):
    - Firebase/CoreOnly
    - FirebaseMessaging (~> 4.1.0)
  - FirebaseAnalytics (6.0.2):
    - FirebaseCore (~> 6.0)
    - FirebaseInstanceID (~> 4.2)
    - GoogleAppMeasurement (= 6.0.2)
    - GoogleUtilities/AppDelegateSwizzler (~> 6.0)
    - GoogleUtilities/MethodSwizzler (~> 6.0)
    - GoogleUtilities/Network (~> 6.0)
    - "GoogleUtilities/NSData+zlib (~> 6.0)"
    - nanopb (~> 0.3)
  - FirebaseAnalyticsInterop (1.2.0)
  - FirebaseCore (6.0.3):
    - GoogleUtilities/Environment (~> 6.0)
    - GoogleUtilities/Logger (~> 6.0)
  - FirebaseDynamicLinks (4.0.0):
    - FirebaseAnalyticsInterop (~> 1.0)
    - FirebaseCore (~> 6.0)
  - FirebaseInstanceID (4.2.0):
    - FirebaseCore (~> 6.0)
    - GoogleUtilities/Environment (~> 6.0)
    - GoogleUtilities/UserDefaults (~> 6.0)
  - FirebaseMessaging (4.1.0):
    - FirebaseAnalyticsInterop (~> 1.1)
    - FirebaseCore (~> 6.0)
    - FirebaseInstanceID (~> 4.1)
    - GoogleUtilities/AppDelegateSwizzler (~> 6.2)
    - GoogleUtilities/Environment (~> 6.2)
    - GoogleUtilities/Reachability (~> 6.2)
    - GoogleUtilities/UserDefaults (~> 6.2)
    - Protobuf (~> 3.1)
  - GoogleAppMeasurement (6.0.2):
    - GoogleUtilities/AppDelegateSwizzler (~> 6.0)
    - GoogleUtilities/MethodSwizzler (~> 6.0)
    - GoogleUtilities/Network (~> 6.0)
    - "GoogleUtilities/NSData+zlib (~> 6.0)"
    - nanopb (~> 0.3)
  - GoogleUtilities/AppDelegateSwizzler (6.2.1):
    - GoogleUtilities/Environment
    - GoogleUtilities/Logger
    - GoogleUtilities/Network
  - GoogleUtilities/Environment (6.2.1)
  - GoogleUtilities/Logger (6.2.1):
    - GoogleUtilities/Environment
  - GoogleUtilities/MethodSwizzler (6.2.1):
    - GoogleUtilities/Logger
  - GoogleUtilities/Network (6.2.1):
    - GoogleUtilities/Logger
    - "GoogleUtilities/NSData+zlib"
    - GoogleUtilities/Reachability
  - "GoogleUtilities/NSData+zlib (6.2.1)"
  - GoogleUtilities/Reachability (6.2.1):
    - GoogleUtilities/Logger
  - GoogleUtilities/UserDefaults (6.2.1):
    - GoogleUtilities/Logger
  - ImageSlideshow (1.8.0):
    - ImageSlideshow/Core (= 1.8.0)
  - ImageSlideshow/Alamofire (1.8.0):
    - AlamofireImage (~> 3.0)
    - ImageSlideshow/Core
  - ImageSlideshow/Core (1.8.0)
  - ImageSlideshow/Kingfisher (1.8.0):
    - ImageSlideshow/Core
    - Kingfisher (> 3.0)
  - iOSDropDown (0.3.3)
  - Kingfisher (5.7.1)
  - nanopb (0.3.901):
    - nanopb/decode (= 0.3.901)
    - nanopb/encode (= 0.3.901)
  - nanopb/decode (0.3.901)
  - nanopb/encode (0.3.901)
  - Nuke (7.6.3)
  - NVActivityIndicatorView (4.7.0):
    - NVActivityIndicatorView/Presenter (= 4.7.0)
  - NVActivityIndicatorView/Presenter (4.7.0)
  - Protobuf (3.8.0)
  - razorpay-pod (1.1.2)
  - RSFloatInputView (1.1.0)
  - SideMenuSwift (2.0.1)
  - SkyFloatingLabelTextField (3.7.0)
  - SwiftyJSON (5.0.0)
  - TransitionButton (0.5.2)

DEPENDENCIES:
  - Alamofire
  - CarbonKit
  - Firebase/Core
  - Firebase/DynamicLinks
  - Firebase/Messaging
  - ImageSlideshow
  - ImageSlideshow/Alamofire
  - ImageSlideshow/Kingfisher
  - iOSDropDown
  - Nuke (~> 7.0)
  - NVActivityIndicatorView
  - razorpay-pod (= 1.1.2)
  - RSFloatInputView
  - SideMenuSwift
  - SkyFloatingLabelTextField
  - SwiftyJSON
  - TransitionButton

SPEC REPOS:
  https://github.com/cocoapods/specs.git:
    - Alamofire
    - AlamofireImage
    - CarbonKit
    - Firebase
    - FirebaseAnalytics
    - FirebaseAnalyticsInterop
    - FirebaseCore
    - FirebaseDynamicLinks
    - FirebaseInstanceID
    - FirebaseMessaging
    - GoogleAppMeasurement
    - GoogleUtilities
    - ImageSlideshow
    - iOSDropDown
    - Kingfisher
    - nanopb
    - Nuke
    - NVActivityIndicatorView
    - Protobuf
    - razorpay-pod
    - RSFloatInputView
    - SideMenuSwift
    - SkyFloatingLabelTextField
    - SwiftyJSON
    - TransitionButton

SPEC CHECKSUMS:
  Alamofire: ae5c501addb7afdbb13687d7f2f722c78734c2d3
  AlamofireImage: 63cfe3baf1370be6c498149687cf6db3e3b00999
  CarbonKit: fbbf0809ab18b33817a09da2591fc7ee9be7b17c
  Firebase: 8432d732974498afd5987e9001a05f90f1a3d625
  FirebaseAnalytics: 470ddab7253b21ad5a40bebd4a9903d7ae19386a
  FirebaseAnalyticsInterop: efbe45c8385ec626e29f9525e5ebd38520dfb6c1
  FirebaseCore: 68f8a7f50cdae542715d4e86afa37c4067217dcb
  FirebaseDynamicLinks: 25fc45fdf2557ee2ee630999c301245d8911792e
  FirebaseInstanceID: f20243a1d828e0e9a3798b995174dedc16f1b32a
  FirebaseMessaging: 0ac5310133e6ada4cdd44d42e92038855214a5e9
  GoogleAppMeasurement: a35a645835bae31b6bdc0576396bc23908f12a22
  GoogleUtilities: c7a0b08bda3bf808be823ed151f0e28ac6866e71
  ImageSlideshow: 197130fe349aafa9446f54277c792551d41eadf9
  iOSDropDown: ae675451f6b91cec00531c953372e09c54dbd818
  Kingfisher: 176d377ad339113c99ad4980cbae687f807e20fe
  nanopb: 2901f78ea1b7b4015c860c2fdd1ea2fee1a18d48
  Nuke: 44130e95e09463f8773ae4b96b90de1eba6b3350
  NVActivityIndicatorView: b19ddab2576f805cbe0fb2306cba3476e09a1dea
  Protobuf: 3f617b9a6e73605565086864c9bc26b2bf2dd5a3
  razorpay-pod: bd7b4bfedd59002e7c30d96dd71fe31e740f2bcf
  RSFloatInputView: 3899803dec34b7dbe04c87ea4c4ea69eca210f9d
  SideMenuSwift: 588374781f2508f551a41796482290aeff1afd78
  SkyFloatingLabelTextField: 4b46db0ab1ccde0919cded29c656e6b4805eda04
  SwiftyJSON: 36413e04c44ee145039d332b4f4e2d3e8d6c4db7
  TransitionButton: fb271583d9c9e4bb116b97103047e5157653f233

PODFILE CHECKSUM: e171303790f955ebab9f2e010dbc33bf401866be

COCOAPODS: 1.6.0.beta.2
